
Microsoft Visual Studio Solution File, Format Version 12.00
# Visual Studio Version 16
VisualStudioVersion = 16.0.29911.84
MinimumVisualStudioVersion = 10.0.40219.1
Project("{9A19103F-16F7-4668-BE54-9A1E7A4F7556}") = "SP.Rest.Files.Example", "SP.Rest.Files.Example.csproj", "{D37738D7-89FF-4EB1-80D5-40D542775157}"
EndProject
Global
	GlobalSection(SolutionConfigurationPlatforms) = preSolution
		Debug|Any CPU = Debug|Any CPU
		Release|Any CPU = Release|Any CPU
	EndGlobalSection
	GlobalSection(ProjectConfigurationPlatforms) = postSolution
		{D37738D7-89FF-4EB1-80D5-40D542775157}.Debug|Any CPU.ActiveCfg = Debug|Any CPU
		{D37738D7-89FF-4EB1-80D5-40D542775157}.Debug|Any CPU.Build.0 = Debug|Any CPU
		{D37738D7-89FF-4EB1-80D5-40D542775157}.Release|Any CPU.ActiveCfg = Release|Any CPU
		{D37738D7-89FF-4EB1-80D5-40D542775157}.Release|Any CPU.Build.0 = Release|Any CPU
	EndGlobalSection
	GlobalSection(SolutionProperties) = preSolution
		HideSolutionNode = FALSE
	EndGlobalSection
	GlobalSection(ExtensibilityGlobals) = postSolution
		SolutionGuid = {C95B31EE-434D-4A05-9C65-B123056A1392}
	EndGlobalSection
EndGlobal
